
Microsoft Visual Studio Solution File, Format Version 12.00
# Visual Studio Version 18
VisualStudioVersion = 18.2.11415.280 d18.0
MinimumVisualStudioVersion = 10.0.40219.1
Project("{9A19103F-16F7-4668-BE54-9A1E7A4F7556}") = "SharpAmNESia", "Amnesia\SharpAmNESia.csproj", "{890C9E8F-FEE9-4CEF-80BF-DDA2C9581D55}"
EndProject
Project("{FAE04EC0-301F-11D3-BF4B-00C04F79EFBC}") = "SharpAmNESiaTests", "AmnesiaTests\SharpAmNESiaTests.csproj", "{8DA2FE89-42FB-4F29-A2A3-0BCAF2B206B3}"
EndProject
Global
	GlobalSection(SolutionConfigurationPlatforms) = preSolution
		Debug|Any CPU = Debug|Any CPU
		Release|Any CPU = Release|Any CPU
	EndGlobalSection
	GlobalSection(ProjectConfigurationPlatforms) = postSolution
		{890C9E8F-FEE9-4CEF-80BF-DDA2C9581D55}.Debug|Any CPU.ActiveCfg = Debug|Any CPU
		{890C9E8F-FEE9-4CEF-80BF-DDA2C9581D55}.Debug|Any CPU.Build.0 = Debug|Any CPU
		{890C9E8F-FEE9-4CEF-80BF-DDA2C9581D55}.Release|Any CPU.ActiveCfg = Release|Any CPU
		{890C9E8F-FEE9-4CEF-80BF-DDA2C9581D55}.Release|Any CPU.Build.0 = Release|Any CPU
		{8DA2FE89-42FB-4F29-A2A3-0BCAF2B206B3}.Debug|Any CPU.ActiveCfg = Debug|Any CPU
		{8DA2FE89-42FB-4F29-A2A3-0BCAF2B206B3}.Debug|Any CPU.Build.0 = Debug|Any CPU
		{8DA2FE89-42FB-4F29-A2A3-0BCAF2B206B3}.Release|Any CPU.ActiveCfg = Release|Any CPU
		{8DA2FE89-42FB-4F29-A2A3-0BCAF2B206B3}.Release|Any CPU.Build.0 = Release|Any CPU
	EndGlobalSection
	GlobalSection(SolutionProperties) = preSolution
		HideSolutionNode = FALSE
	EndGlobalSection
	GlobalSection(ExtensibilityGlobals) = postSolution
		SolutionGuid = {604F2123-DC3E-49A3-8274-E46DCAAAA026}
	EndGlobalSection
EndGlobal
